
Microsoft Visual Studio Solution File, Format Version 12.00
# Visual Studio 14
VisualStudioVersion = 14.0.25420.1
MinimumVisualStudioVersion = 10.0.40219.1
Project("{FAE04EC0-301F-11D3-BF4B-00C04F79EFBC}") = "ConsApp191205", "ConsApp191205\ConsApp191205.csproj", "{83994F24-A008-47A8-BE0F-A461C2712E1E}"
EndProject
Project("{FAE04EC0-301F-11D3-BF4B-00C04F79EFBC}") = "ConsApp191008", "ConsApp191008\ConsApp191008.csproj", "{6ADA0957-F0E2-4C66-A173-F390B9D492C2}"
EndProject
Project("{FAE04EC0-301F-11D3-BF4B-00C04F79EFBC}") = "ConsApp200207", "ConsApp200207\ConsApp200207.csproj", "{35070253-EC75-4340-B097-A00349DEDA0C}"
EndProject
Project("{FAE04EC0-301F-11D3-BF4B-00C04F79EFBC}") = "ConsApp200121", "ConsApp200121\ConsApp200121.csproj", "{71D66D16-D65F-43E8-BA57-291A47CEC856}"
EndProject
Global
	GlobalSection(SolutionConfigurationPlatforms) = preSolution
		Debug|Any CPU = Debug|Any CPU
		Release|Any CPU = Release|Any CPU
	EndGlobalSection
	GlobalSection(ProjectConfigurationPlatforms) = postSolution
		{83994F24-A008-47A8-BE0F-A461C2712E1E}.Debug|Any CPU.ActiveCfg = Debug|Any CPU
		{83994F24-A008-47A8-BE0F-A461C2712E1E}.Debug|Any CPU.Build.0 = Debug|Any CPU
		{83994F24-A008-47A8-BE0F-A461C2712E1E}.Release|Any CPU.ActiveCfg = Release|Any CPU
		{83994F24-A008-47A8-BE0F-A461C2712E1E}.Release|Any CPU.Build.0 = Release|Any CPU
		{6ADA0957-F0E2-4C66-A173-F390B9D492C2}.Debug|Any CPU.ActiveCfg = Debug|Any CPU
		{6ADA0957-F0E2-4C66-A173-F390B9D492C2}.Debug|Any CPU.Build.0 = Debug|Any CPU
		{6ADA0957-F0E2-4C66-A173-F390B9D492C2}.Release|Any CPU.ActiveCfg = Release|Any CPU
		{6ADA0957-F0E2-4C66-A173-F390B9D492C2}.Release|Any CPU.Build.0 = Release|Any CPU
		{35070253-EC75-4340-B097-A00349DEDA0C}.Debug|Any CPU.ActiveCfg = Debug|Any CPU
		{35070253-EC75-4340-B097-A00349DEDA0C}.Debug|Any CPU.Build.0 = Debug|Any CPU
		{35070253-EC75-4340-B097-A00349DEDA0C}.Release|Any CPU.ActiveCfg = Release|Any CPU
		{35070253-EC75-4340-B097-A00349DEDA0C}.Release|Any CPU.Build.0 = Release|Any CPU
		{71D66D16-D65F-43E8-BA57-291A47CEC856}.Debug|Any CPU.ActiveCfg = Debug|Any CPU
		{71D66D16-D65F-43E8-BA57-291A47CEC856}.Debug|Any CPU.Build.0 = Debug|Any CPU
		{71D66D16-D65F-43E8-BA57-291A47CEC856}.Release|Any CPU.ActiveCfg = Release|Any CPU
		{71D66D16-D65F-43E8-BA57-291A47CEC856}.Release|Any CPU.Build.0 = Release|Any CPU
	EndGlobalSection
	GlobalSection(SolutionProperties) = preSolution
		HideSolutionNode = FALSE
	EndGlobalSection
EndGlobal
