
Microsoft Visual Studio Solution File, Format Version 12.00
# Visual Studio Version 17
VisualStudioVersion = 17.7.34031.279
MinimumVisualStudioVersion = 10.0.40219.1
Project("{FAE04EC0-301F-11D3-BF4B-00C04F79EFBC}") = "ConsApp191205", "ConsApp191205\ConsApp191205.csproj", "{83994F24-A008-47A8-BE0F-A461C2712E1E}"
EndProject
Project("{FAE04EC0-301F-11D3-BF4B-00C04F79EFBC}") = "ConsApp191008", "ConsApp191008\ConsApp191008.csproj", "{6ADA0957-F0E2-4C66-A173-F390B9D492C2}"
EndProject
Project("{FAE04EC0-301F-11D3-BF4B-00C04F79EFBC}") = "ConsApp200207", "ConsApp200207\ConsApp200207.csproj", "{35070253-EC75-4340-B097-A00349DEDA0C}"
EndProject
Project("{FAE04EC0-301F-11D3-BF4B-00C04F79EFBC}") = "ConsApp200121", "ConsApp200121\ConsApp200121.csproj", "{71D66D16-D65F-43E8-BA57-291A47CEC856}"
EndProject
Project("{FAE04EC0-301F-11D3-BF4B-00C04F79EFBC}") = "ConsApp220129", "ConsApp220129\ConsApp220129.csproj", "{6DAF03AE-9EF2-48B4-B451-C8C9D6B9504B}"
EndProject
Project("{FAE04EC0-301F-11D3-BF4B-00C04F79EFBC}") = "ConsApp220130", "ConsApp220130\ConsApp220130.csproj", "{4023A51F-CE69-4A80-A3A8-BF3169D9038E}"
EndProject
Project("{FAE04EC0-301F-11D3-BF4B-00C04F79EFBC}") = "ConsApp220131", "ConsApp220131\ConsApp220131.csproj", "{DD11E01E-9EDE-466C-9D42-367981DA7427}"
EndProject
Project("{FAE04EC0-301F-11D3-BF4B-00C04F79EFBC}") = "ConsApp240313", "ConsApp240313\ConsApp240313.csproj", "{AAC0754E-F3B2-4E7B-8F14-F21C2A3FECB2}"
EndProject
Project("{FAE04EC0-301F-11D3-BF4B-00C04F79EFBC}") = "ConsApp240314", "ConsApp240314\ConsApp240314.csproj", "{144A2ED9-09B9-4234-BF6B-5A85B47D6ABD}"
EndProject
Global
	GlobalSection(SolutionConfigurationPlatforms) = preSolution
		Debug|Any CPU = Debug|Any CPU
		Release|Any CPU = Release|Any CPU
	EndGlobalSection
	GlobalSection(ProjectConfigurationPlatforms) = postSolution
		{83994F24-A008-47A8-BE0F-A461C2712E1E}.Debug|Any CPU.ActiveCfg = Debug|Any CPU
		{83994F24-A008-47A8-BE0F-A461C2712E1E}.Debug|Any CPU.Build.0 = Debug|Any CPU
		{83994F24-A008-47A8-BE0F-A461C2712E1E}.Release|Any CPU.ActiveCfg = Release|Any CPU
		{83994F24-A008-47A8-BE0F-A461C2712E1E}.Release|Any CPU.Build.0 = Release|Any CPU
		{6ADA0957-F0E2-4C66-A173-F390B9D492C2}.Debug|Any CPU.ActiveCfg = Debug|Any CPU
		{6ADA0957-F0E2-4C66-A173-F390B9D492C2}.Debug|Any CPU.Build.0 = Debug|Any CPU
		{6ADA0957-F0E2-4C66-A173-F390B9D492C2}.Release|Any CPU.ActiveCfg = Release|Any CPU
		{6ADA0957-F0E2-4C66-A173-F390B9D492C2}.Release|Any CPU.Build.0 = Release|Any CPU
		{35070253-EC75-4340-B097-A00349DEDA0C}.Debug|Any CPU.ActiveCfg = Debug|Any CPU
		{35070253-EC75-4340-B097-A00349DEDA0C}.Debug|Any CPU.Build.0 = Debug|Any CPU
		{35070253-EC75-4340-B097-A00349DEDA0C}.Release|Any CPU.ActiveCfg = Release|Any CPU
		{35070253-EC75-4340-B097-A00349DEDA0C}.Release|Any CPU.Build.0 = Release|Any CPU
		{71D66D16-D65F-43E8-BA57-291A47CEC856}.Debug|Any CPU.ActiveCfg = Debug|Any CPU
		{71D66D16-D65F-43E8-BA57-291A47CEC856}.Debug|Any CPU.Build.0 = Debug|Any CPU
		{71D66D16-D65F-43E8-BA57-291A47CEC856}.Release|Any CPU.ActiveCfg = Release|Any CPU
		{71D66D16-D65F-43E8-BA57-291A47CEC856}.Release|Any CPU.Build.0 = Release|Any CPU
		{6DAF03AE-9EF2-48B4-B451-C8C9D6B9504B}.Debug|Any CPU.ActiveCfg = Debug|Any CPU
		{6DAF03AE-9EF2-48B4-B451-C8C9D6B9504B}.Debug|Any CPU.Build.0 = Debug|Any CPU
		{6DAF03AE-9EF2-48B4-B451-C8C9D6B9504B}.Release|Any CPU.ActiveCfg = Release|Any CPU
		{6DAF03AE-9EF2-48B4-B451-C8C9D6B9504B}.Release|Any CPU.Build.0 = Release|Any CPU
		{4023A51F-CE69-4A80-A3A8-BF3169D9038E}.Debug|Any CPU.ActiveCfg = Debug|Any CPU
		{4023A51F-CE69-4A80-A3A8-BF3169D9038E}.Debug|Any CPU.Build.0 = Debug|Any CPU
		{4023A51F-CE69-4A80-A3A8-BF3169D9038E}.Release|Any CPU.ActiveCfg = Release|Any CPU
		{4023A51F-CE69-4A80-A3A8-BF3169D9038E}.Release|Any CPU.Build.0 = Release|Any CPU
		{DD11E01E-9EDE-466C-9D42-367981DA7427}.Debug|Any CPU.ActiveCfg = Debug|Any CPU
		{DD11E01E-9EDE-466C-9D42-367981DA7427}.Debug|Any CPU.Build.0 = Debug|Any CPU
		{DD11E01E-9EDE-466C-9D42-367981DA7427}.Release|Any CPU.ActiveCfg = Release|Any CPU
		{DD11E01E-9EDE-466C-9D42-367981DA7427}.Release|Any CPU.Build.0 = Release|Any CPU
		{AAC0754E-F3B2-4E7B-8F14-F21C2A3FECB2}.Debug|Any CPU.ActiveCfg = Debug|Any CPU
		{AAC0754E-F3B2-4E7B-8F14-F21C2A3FECB2}.Debug|Any CPU.Build.0 = Debug|Any CPU
		{AAC0754E-F3B2-4E7B-8F14-F21C2A3FECB2}.Release|Any CPU.ActiveCfg = Release|Any CPU
		{AAC0754E-F3B2-4E7B-8F14-F21C2A3FECB2}.Release|Any CPU.Build.0 = Release|Any CPU
		{144A2ED9-09B9-4234-BF6B-5A85B47D6ABD}.Debug|Any CPU.ActiveCfg = Debug|Any CPU
		{144A2ED9-09B9-4234-BF6B-5A85B47D6ABD}.Debug|Any CPU.Build.0 = Debug|Any CPU
		{144A2ED9-09B9-4234-BF6B-5A85B47D6ABD}.Release|Any CPU.ActiveCfg = Release|Any CPU
		{144A2ED9-09B9-4234-BF6B-5A85B47D6ABD}.Release|Any CPU.Build.0 = Release|Any CPU
	EndGlobalSection
	GlobalSection(SolutionProperties) = preSolution
		HideSolutionNode = FALSE
	EndGlobalSection
	GlobalSection(ExtensibilityGlobals) = postSolution
		SolutionGuid = {5CDAE053-54D4-405E-B18E-091E913DE2F1}
	EndGlobalSection
EndGlobal
