
Microsoft Visual Studio Solution File, Format Version 12.00
# Visual Studio Version 17
VisualStudioVersion = 17.0.32112.339
MinimumVisualStudioVersion = 10.0.40219.1
Project("{FAE04EC0-301F-11D3-BF4B-00C04F79EFBC}") = "LastDigitsZero", "LastDigitsZero\LastDigitsZero.csproj", "{EF66D4A8-724B-4214-8F0A-0648D103A445}"
EndProject
Global
	GlobalSection(SolutionConfigurationPlatforms) = preSolution
		Debug|Any CPU = Debug|Any CPU
		Release|Any CPU = Release|Any CPU
	EndGlobalSection
	GlobalSection(ProjectConfigurationPlatforms) = postSolution
		{EF66D4A8-724B-4214-8F0A-0648D103A445}.Debug|Any CPU.ActiveCfg = Debug|Any CPU
		{EF66D4A8-724B-4214-8F0A-0648D103A445}.Debug|Any CPU.Build.0 = Debug|Any CPU
		{EF66D4A8-724B-4214-8F0A-0648D103A445}.Release|Any CPU.ActiveCfg = Release|Any CPU
		{EF66D4A8-724B-4214-8F0A-0648D103A445}.Release|Any CPU.Build.0 = Release|Any CPU
	EndGlobalSection
	GlobalSection(SolutionProperties) = preSolution
		HideSolutionNode = FALSE
	EndGlobalSection
	GlobalSection(ExtensibilityGlobals) = postSolution
		SolutionGuid = {4215563C-75B6-4A61-B496-9DA6E03DA08C}
	EndGlobalSection
EndGlobal
