
Microsoft Visual Studio Solution File, Format Version 12.00
# Visual Studio Version 17
VisualStudioVersion = 17.0.32112.339
MinimumVisualStudioVersion = 10.0.40219.1
Project("{FAE04EC0-301F-11D3-BF4B-00C04F79EFBC}") = "SeparatorCount", "SeparatorCount\SeparatorCount.csproj", "{67D157D4-530B-4609-875A-04F166A6868F}"
EndProject
Global
	GlobalSection(SolutionConfigurationPlatforms) = preSolution
		Debug|Any CPU = Debug|Any CPU
		Release|Any CPU = Release|Any CPU
	EndGlobalSection
	GlobalSection(ProjectConfigurationPlatforms) = postSolution
		{67D157D4-530B-4609-875A-04F166A6868F}.Debug|Any CPU.ActiveCfg = Debug|Any CPU
		{67D157D4-530B-4609-875A-04F166A6868F}.Debug|Any CPU.Build.0 = Debug|Any CPU
		{67D157D4-530B-4609-875A-04F166A6868F}.Release|Any CPU.ActiveCfg = Release|Any CPU
		{67D157D4-530B-4609-875A-04F166A6868F}.Release|Any CPU.Build.0 = Release|Any CPU
	EndGlobalSection
	GlobalSection(SolutionProperties) = preSolution
		HideSolutionNode = FALSE
	EndGlobalSection
	GlobalSection(ExtensibilityGlobals) = postSolution
		SolutionGuid = {21161FA9-E56C-45E7-85BE-B269B405AD5A}
	EndGlobalSection
EndGlobal
